
Microsoft Visual Studio Solution File, Format Version 12.00
# Visual Studio 2012
Project("{FAE04EC0-301F-11D3-BF4B-00C04F79EFBC}") = "MarcelJoachimKloubert.MetalVZ", "MarcelJoachimKloubert.MetalVZ\MarcelJoachimKloubert.MetalVZ.csproj", "{D7D79582-1E90-4552-8C16-00210369C617}"
EndProject
Project("{FAE04EC0-301F-11D3-BF4B-00C04F79EFBC}") = "MarcelJoachimKloubert.CLRToolbox.45", "..\..\MarcelJoachimKloubert.CLRToolbox.45\MarcelJoachimKloubert.CLRToolbox.45.csproj", "{C24AE28B-5BE0-44A7-9232-11E090AA0641}"
EndProject
Project("{FAE04EC0-301F-11D3-BF4B-00C04F79EFBC}") = "MarcelJoachimKloubert.CLRToolbox.45.Web", "..\..\MarcelJoachimKloubert.CLRToolbox.45.Web\MarcelJoachimKloubert.CLRToolbox.45.Web.csproj", "{2F8D4198-6DE0-43BE-91CA-5B4B2BBCDAE0}"
EndProject
Project("{2150E333-8FDC-42A3-9474-1A3956D46DE8}") = "External libs", "External libs", "{77F4EE95-EBDC-406B-BD98-D0C8CFF5DF5B}"
EndProject
Project("{00D1A9C2-B5F0-4AF3-8072-F6C62B433612}") = "MarcelJoachimKloubert.MetalVZ.Database", "MarcelJoachimKloubert.MetalVZ.Database\MarcelJoachimKloubert.MetalVZ.Database.sqlproj", "{0B12A580-52B2-40A0-9009-0767EF2D1108}"
EndProject
Project("{2150E333-8FDC-42A3-9474-1A3956D46DE8}") = "Tools", "Tools", "{E3A4D2C3-2C45-4542-A525-7AB8A08681D8}"
EndProject
Project("{FAE04EC0-301F-11D3-BF4B-00C04F79EFBC}") = "MarcelJoachimKloubert.MetalVZ.MySqlImport", "MarcelJoachimKloubert.MetalVZ.MySqlImport\MarcelJoachimKloubert.MetalVZ.MySqlImport.csproj", "{CFCB7922-48E3-4E64-BCEB-217F1914D454}"
EndProject
Global
	GlobalSection(SolutionConfigurationPlatforms) = preSolution
		Debug|Any CPU = Debug|Any CPU
		Release|Any CPU = Release|Any CPU
	EndGlobalSection
	GlobalSection(ProjectConfigurationPlatforms) = postSolution
		{D7D79582-1E90-4552-8C16-00210369C617}.Debug|Any CPU.ActiveCfg = Debug|Any CPU
		{D7D79582-1E90-4552-8C16-00210369C617}.Debug|Any CPU.Build.0 = Debug|Any CPU
		{D7D79582-1E90-4552-8C16-00210369C617}.Release|Any CPU.ActiveCfg = Release|Any CPU
		{D7D79582-1E90-4552-8C16-00210369C617}.Release|Any CPU.Build.0 = Release|Any CPU
		{C24AE28B-5BE0-44A7-9232-11E090AA0641}.Debug|Any CPU.ActiveCfg = Debug|Any CPU
		{C24AE28B-5BE0-44A7-9232-11E090AA0641}.Debug|Any CPU.Build.0 = Debug|Any CPU
		{C24AE28B-5BE0-44A7-9232-11E090AA0641}.Release|Any CPU.ActiveCfg = Release|Any CPU
		{C24AE28B-5BE0-44A7-9232-11E090AA0641}.Release|Any CPU.Build.0 = Release|Any CPU
		{2F8D4198-6DE0-43BE-91CA-5B4B2BBCDAE0}.Debug|Any CPU.ActiveCfg = Debug|Any CPU
		{2F8D4198-6DE0-43BE-91CA-5B4B2BBCDAE0}.Debug|Any CPU.Build.0 = Debug|Any CPU
		{2F8D4198-6DE0-43BE-91CA-5B4B2BBCDAE0}.Release|Any CPU.ActiveCfg = Release|Any CPU
		{2F8D4198-6DE0-43BE-91CA-5B4B2BBCDAE0}.Release|Any CPU.Build.0 = Release|Any CPU
		{0B12A580-52B2-40A0-9009-0767EF2D1108}.Debug|Any CPU.ActiveCfg = Debug|Any CPU
		{0B12A580-52B2-40A0-9009-0767EF2D1108}.Debug|Any CPU.Build.0 = Debug|Any CPU
		{0B12A580-52B2-40A0-9009-0767EF2D1108}.Debug|Any CPU.Deploy.0 = Debug|Any CPU
		{0B12A580-52B2-40A0-9009-0767EF2D1108}.Release|Any CPU.ActiveCfg = Release|Any CPU
		{0B12A580-52B2-40A0-9009-0767EF2D1108}.Release|Any CPU.Build.0 = Release|Any CPU
		{0B12A580-52B2-40A0-9009-0767EF2D1108}.Release|Any CPU.Deploy.0 = Release|Any CPU
		{CFCB7922-48E3-4E64-BCEB-217F1914D454}.Debug|Any CPU.ActiveCfg = Debug|Any CPU
		{CFCB7922-48E3-4E64-BCEB-217F1914D454}.Debug|Any CPU.Build.0 = Debug|Any CPU
		{CFCB7922-48E3-4E64-BCEB-217F1914D454}.Release|Any CPU.ActiveCfg = Release|Any CPU
		{CFCB7922-48E3-4E64-BCEB-217F1914D454}.Release|Any CPU.Build.0 = Release|Any CPU
	EndGlobalSection
	GlobalSection(SolutionProperties) = preSolution
		HideSolutionNode = FALSE
	EndGlobalSection
	GlobalSection(NestedProjects) = preSolution
		{2F8D4198-6DE0-43BE-91CA-5B4B2BBCDAE0} = {77F4EE95-EBDC-406B-BD98-D0C8CFF5DF5B}
		{C24AE28B-5BE0-44A7-9232-11E090AA0641} = {77F4EE95-EBDC-406B-BD98-D0C8CFF5DF5B}
		{CFCB7922-48E3-4E64-BCEB-217F1914D454} = {E3A4D2C3-2C45-4542-A525-7AB8A08681D8}
	EndGlobalSection
EndGlobal
