
Microsoft Visual Studio Solution File, Format Version 12.00
# Visual Studio 2012
Project("{FAE04EC0-301F-11D3-BF4B-00C04F79EFBC}") = "MarcelJoachimKloubert.ScriptEngine", "MarcelJoachimKloubert.ScriptEngine\MarcelJoachimKloubert.ScriptEngine.csproj", "{20F680D2-6E89-43F2-8943-F848A763E788}"
EndProject
Project("{FAE04EC0-301F-11D3-BF4B-00C04F79EFBC}") = "MarcelJoachimKloubert.CLRToolbox.35", "..\..\MarcelJoachimKloubert.CLRToolbox.35\MarcelJoachimKloubert.CLRToolbox.35.csproj", "{DCD0A910-1D32-43F1-BC05-EDB6C19722AE}"
EndProject
Global
	GlobalSection(SolutionConfigurationPlatforms) = preSolution
		Debug|Any CPU = Debug|Any CPU
		Release|Any CPU = Release|Any CPU
	EndGlobalSection
	GlobalSection(ProjectConfigurationPlatforms) = postSolution
		{20F680D2-6E89-43F2-8943-F848A763E788}.Debug|Any CPU.ActiveCfg = Debug|Any CPU
		{20F680D2-6E89-43F2-8943-F848A763E788}.Debug|Any CPU.Build.0 = Debug|Any CPU
		{20F680D2-6E89-43F2-8943-F848A763E788}.Release|Any CPU.ActiveCfg = Release|Any CPU
		{20F680D2-6E89-43F2-8943-F848A763E788}.Release|Any CPU.Build.0 = Release|Any CPU
		{DCD0A910-1D32-43F1-BC05-EDB6C19722AE}.Debug|Any CPU.ActiveCfg = Debug|Any CPU
		{DCD0A910-1D32-43F1-BC05-EDB6C19722AE}.Debug|Any CPU.Build.0 = Debug|Any CPU
		{DCD0A910-1D32-43F1-BC05-EDB6C19722AE}.Release|Any CPU.ActiveCfg = Release|Any CPU
		{DCD0A910-1D32-43F1-BC05-EDB6C19722AE}.Release|Any CPU.Build.0 = Release|Any CPU
	EndGlobalSection
	GlobalSection(SolutionProperties) = preSolution
		HideSolutionNode = FALSE
	EndGlobalSection
EndGlobal
