
Microsoft Visual Studio Solution File, Format Version 12.00
# Visual Studio 2013
VisualStudioVersion = 12.0.30324.0
MinimumVisualStudioVersion = 10.0.40219.1
Project("{2150E333-8FDC-42A3-9474-1A3956D46DE8}") = ".NET 2.0", ".NET 2.0", "{DB188B00-7360-4799-860C-95355B9D4FE3}"
EndProject
Project("{FAE04EC0-301F-11D3-BF4B-00C04F79EFBC}") = "MarcelJoachimKloubert.CLRToolbox.20", "MarcelJoachimKloubert.CLRToolbox.20\MarcelJoachimKloubert.CLRToolbox.20.csproj", "{231DBA7A-C365-4712-BBED-19700F464CAB}"
EndProject
Project("{2150E333-8FDC-42A3-9474-1A3956D46DE8}") = ".NET 3.5", ".NET 3.5", "{83487190-5280-4CB7-B0D1-4ED98349D91D}"
EndProject
Project("{FAE04EC0-301F-11D3-BF4B-00C04F79EFBC}") = "MarcelJoachimKloubert.CLRToolbox.35", "MarcelJoachimKloubert.CLRToolbox.35\MarcelJoachimKloubert.CLRToolbox.35.csproj", "{DCD0A910-1D32-43F1-BC05-EDB6C19722AE}"
EndProject
Project("{2150E333-8FDC-42A3-9474-1A3956D46DE8}") = ".NET 4.0", ".NET 4.0", "{47A0F0A8-EC02-4890-93E8-BF3E1960E7D2}"
EndProject
Project("{FAE04EC0-301F-11D3-BF4B-00C04F79EFBC}") = "MarcelJoachimKloubert.CLRToolbox.40", "MarcelJoachimKloubert.CLRToolbox.40\MarcelJoachimKloubert.CLRToolbox.40.csproj", "{50E0CDB2-BC51-4C46-949A-387E3534041F}"
EndProject
Project("{2150E333-8FDC-42A3-9474-1A3956D46DE8}") = ".NET 4.5", ".NET 4.5", "{897F5390-5D7D-4D96-8D20-AEC53706F681}"
EndProject
Project("{FAE04EC0-301F-11D3-BF4B-00C04F79EFBC}") = "MarcelJoachimKloubert.CLRToolbox.45", "MarcelJoachimKloubert.CLRToolbox.45\MarcelJoachimKloubert.CLRToolbox.45.csproj", "{C24AE28B-5BE0-44A7-9232-11E090AA0641}"
EndProject
Project("{2150E333-8FDC-42A3-9474-1A3956D46DE8}") = ".NET", ".NET", "{7BCC81C6-D737-482A-9F6A-5394DED9FAC5}"
EndProject
Project("{FAE04EC0-301F-11D3-BF4B-00C04F79EFBC}") = "MarcelJoachimKloubert.CLRToolbox.35.WPF", "MarcelJoachimKloubert.CLRToolbox.35.WPF\MarcelJoachimKloubert.CLRToolbox.35.WPF.csproj", "{455D157B-0FF7-4C06-AA9A-41CA0E8772D7}"
EndProject
Project("{FAE04EC0-301F-11D3-BF4B-00C04F79EFBC}") = "MarcelJoachimKloubert.CLRToolbox.40.WPF", "MarcelJoachimKloubert.CLRToolbox.40.WPF\MarcelJoachimKloubert.CLRToolbox.40.WPF.csproj", "{E170965A-D068-40E8-A37F-F480B6F1CB5F}"
EndProject
Project("{FAE04EC0-301F-11D3-BF4B-00C04F79EFBC}") = "MarcelJoachimKloubert.CLRToolbox.45.WPF", "MarcelJoachimKloubert.CLRToolbox.45.WPF\MarcelJoachimKloubert.CLRToolbox.45.WPF.csproj", "{2751DBEF-1C83-4D9D-B255-5A5D9291C6A4}"
EndProject
Project("{FAE04EC0-301F-11D3-BF4B-00C04F79EFBC}") = "MarcelJoachimKloubert.CLRToolbox.20.WinForms", "MarcelJoachimKloubert.CLRToolbox.20.WinForms\MarcelJoachimKloubert.CLRToolbox.20.WinForms.csproj", "{6162A233-C998-43C0-B78B-FB090310D6B5}"
EndProject
Project("{FAE04EC0-301F-11D3-BF4B-00C04F79EFBC}") = "MarcelJoachimKloubert.CLRToolbox.35.WinForms", "MarcelJoachimKloubert.CLRToolbox.35.WinForms\MarcelJoachimKloubert.CLRToolbox.35.WinForms.csproj", "{20FCE78B-ACEC-43BE-B3B9-B14B912EDAA8}"
EndProject
Project("{FAE04EC0-301F-11D3-BF4B-00C04F79EFBC}") = "MarcelJoachimKloubert.CLRToolbox.40.WinForms", "MarcelJoachimKloubert.CLRToolbox.40.WinForms\MarcelJoachimKloubert.CLRToolbox.40.WinForms.csproj", "{BC5D8CA7-49D2-4554-ADAA-465DC41D71A9}"
EndProject
Project("{FAE04EC0-301F-11D3-BF4B-00C04F79EFBC}") = "MarcelJoachimKloubert.CLRToolbox.45.WinForms", "MarcelJoachimKloubert.CLRToolbox.45.WinForms\MarcelJoachimKloubert.CLRToolbox.45.WinForms.csproj", "{91083992-D3B6-4CE4-8D5F-ADD6AB343D7D}"
EndProject
Project("{FAE04EC0-301F-11D3-BF4B-00C04F79EFBC}") = "MarcelJoachimKloubert.CLRToolbox.20.Web", "MarcelJoachimKloubert.CLRToolbox.20.Web\MarcelJoachimKloubert.CLRToolbox.20.Web.csproj", "{2BE8A6C6-A3B9-4A60-80C8-530A7C308794}"
EndProject
Project("{FAE04EC0-301F-11D3-BF4B-00C04F79EFBC}") = "MarcelJoachimKloubert.CLRToolbox.35.Web", "MarcelJoachimKloubert.CLRToolbox.35.Web\MarcelJoachimKloubert.CLRToolbox.35.Web.csproj", "{EB4171BB-7D68-4497-9E3B-FB9ECA6BA992}"
EndProject
Project("{FAE04EC0-301F-11D3-BF4B-00C04F79EFBC}") = "MarcelJoachimKloubert.CLRToolbox.40.Web", "MarcelJoachimKloubert.CLRToolbox.40.Web\MarcelJoachimKloubert.CLRToolbox.40.Web.csproj", "{DC3CA98C-2B04-4603-AC85-7EA34ECD393B}"
EndProject
Project("{FAE04EC0-301F-11D3-BF4B-00C04F79EFBC}") = "MarcelJoachimKloubert.CLRToolbox.45.Web", "MarcelJoachimKloubert.CLRToolbox.45.Web\MarcelJoachimKloubert.CLRToolbox.45.Web.csproj", "{2F8D4198-6DE0-43BE-91CA-5B4B2BBCDAE0}"
EndProject
Project("{2150E333-8FDC-42A3-9474-1A3956D46DE8}") = "Tests", "Tests", "{201470AE-B469-4F87-B1CC-D87D837A0704}"
EndProject
Project("{FAE04EC0-301F-11D3-BF4B-00C04F79EFBC}") = "MarcelJoachimKloubert.CLRToolbox.Tests.Net20", "MarcelJoachimKloubert.CLRToolbox.Tests.Net20\MarcelJoachimKloubert.CLRToolbox.Tests.Net20.csproj", "{27899432-06C9-4F0C-A530-CE590826E014}"
EndProject
Project("{FAE04EC0-301F-11D3-BF4B-00C04F79EFBC}") = "MarcelJoachimKloubert.CLRToolbox.Tests.Net35", "MarcelJoachimKloubert.CLRToolbox.Tests.Net35\MarcelJoachimKloubert.CLRToolbox.Tests.Net35.csproj", "{BC2F98EE-BD44-43DD-A97A-B3710C7E21E9}"
EndProject
Project("{FAE04EC0-301F-11D3-BF4B-00C04F79EFBC}") = "MarcelJoachimKloubert.CLRToolbox.Tests.Net40", "MarcelJoachimKloubert.CLRToolbox.Tests.Net40\MarcelJoachimKloubert.CLRToolbox.Tests.Net40.csproj", "{F8B8E839-8145-4387-ABBC-93C250C18F28}"
EndProject
Project("{FAE04EC0-301F-11D3-BF4B-00C04F79EFBC}") = "MarcelJoachimKloubert.CLRToolbox.Tests.Net45", "MarcelJoachimKloubert.CLRToolbox.Tests.Net45\MarcelJoachimKloubert.CLRToolbox.Tests.Net45.csproj", "{F4F110AE-01E4-4323-8167-31F4010E80F2}"
EndProject
Global
	GlobalSection(SolutionConfigurationPlatforms) = preSolution
		Debug|Any CPU = Debug|Any CPU
		Debug|ARM = Debug|ARM
		Debug|Mixed Platforms = Debug|Mixed Platforms
		Debug|Windows Phone = Debug|Windows Phone
		Debug|x64 = Debug|x64
		Debug|x86 = Debug|x86
		Release|Any CPU = Release|Any CPU
		Release|ARM = Release|ARM
		Release|Mixed Platforms = Release|Mixed Platforms
		Release|Windows Phone = Release|Windows Phone
		Release|x64 = Release|x64
		Release|x86 = Release|x86
	EndGlobalSection
	GlobalSection(ProjectConfigurationPlatforms) = postSolution
		{231DBA7A-C365-4712-BBED-19700F464CAB}.Debug|Any CPU.ActiveCfg = Debug|Any CPU
		{231DBA7A-C365-4712-BBED-19700F464CAB}.Debug|Any CPU.Build.0 = Debug|Any CPU
		{231DBA7A-C365-4712-BBED-19700F464CAB}.Debug|ARM.ActiveCfg = Debug|Any CPU
		{231DBA7A-C365-4712-BBED-19700F464CAB}.Debug|Mixed Platforms.ActiveCfg = Debug|Any CPU
		{231DBA7A-C365-4712-BBED-19700F464CAB}.Debug|Mixed Platforms.Build.0 = Debug|Any CPU
		{231DBA7A-C365-4712-BBED-19700F464CAB}.Debug|Windows Phone.ActiveCfg = Debug|Any CPU
		{231DBA7A-C365-4712-BBED-19700F464CAB}.Debug|x64.ActiveCfg = Debug|Any CPU
		{231DBA7A-C365-4712-BBED-19700F464CAB}.Debug|x86.ActiveCfg = Debug|Any CPU
		{231DBA7A-C365-4712-BBED-19700F464CAB}.Release|Any CPU.ActiveCfg = Release|Any CPU
		{231DBA7A-C365-4712-BBED-19700F464CAB}.Release|Any CPU.Build.0 = Release|Any CPU
		{231DBA7A-C365-4712-BBED-19700F464CAB}.Release|ARM.ActiveCfg = Release|Any CPU
		{231DBA7A-C365-4712-BBED-19700F464CAB}.Release|Mixed Platforms.ActiveCfg = Release|Any CPU
		{231DBA7A-C365-4712-BBED-19700F464CAB}.Release|Mixed Platforms.Build.0 = Release|Any CPU
		{231DBA7A-C365-4712-BBED-19700F464CAB}.Release|Windows Phone.ActiveCfg = Release|Any CPU
		{231DBA7A-C365-4712-BBED-19700F464CAB}.Release|x64.ActiveCfg = Release|Any CPU
		{231DBA7A-C365-4712-BBED-19700F464CAB}.Release|x86.ActiveCfg = Release|Any CPU
		{DCD0A910-1D32-43F1-BC05-EDB6C19722AE}.Debug|Any CPU.ActiveCfg = Debug|Any CPU
		{DCD0A910-1D32-43F1-BC05-EDB6C19722AE}.Debug|Any CPU.Build.0 = Debug|Any CPU
		{DCD0A910-1D32-43F1-BC05-EDB6C19722AE}.Debug|ARM.ActiveCfg = Debug|Any CPU
		{DCD0A910-1D32-43F1-BC05-EDB6C19722AE}.Debug|Mixed Platforms.ActiveCfg = Debug|Any CPU
		{DCD0A910-1D32-43F1-BC05-EDB6C19722AE}.Debug|Mixed Platforms.Build.0 = Debug|Any CPU
		{DCD0A910-1D32-43F1-BC05-EDB6C19722AE}.Debug|Windows Phone.ActiveCfg = Debug|Any CPU
		{DCD0A910-1D32-43F1-BC05-EDB6C19722AE}.Debug|x64.ActiveCfg = Debug|Any CPU
		{DCD0A910-1D32-43F1-BC05-EDB6C19722AE}.Debug|x86.ActiveCfg = Debug|Any CPU
		{DCD0A910-1D32-43F1-BC05-EDB6C19722AE}.Release|Any CPU.ActiveCfg = Release|Any CPU
		{DCD0A910-1D32-43F1-BC05-EDB6C19722AE}.Release|Any CPU.Build.0 = Release|Any CPU
		{DCD0A910-1D32-43F1-BC05-EDB6C19722AE}.Release|ARM.ActiveCfg = Release|Any CPU
		{DCD0A910-1D32-43F1-BC05-EDB6C19722AE}.Release|Mixed Platforms.ActiveCfg = Release|Any CPU
		{DCD0A910-1D32-43F1-BC05-EDB6C19722AE}.Release|Mixed Platforms.Build.0 = Release|Any CPU
		{DCD0A910-1D32-43F1-BC05-EDB6C19722AE}.Release|Windows Phone.ActiveCfg = Release|Any CPU
		{DCD0A910-1D32-43F1-BC05-EDB6C19722AE}.Release|x64.ActiveCfg = Release|Any CPU
		{DCD0A910-1D32-43F1-BC05-EDB6C19722AE}.Release|x86.ActiveCfg = Release|Any CPU
		{50E0CDB2-BC51-4C46-949A-387E3534041F}.Debug|Any CPU.ActiveCfg = Debug|Any CPU
		{50E0CDB2-BC51-4C46-949A-387E3534041F}.Debug|Any CPU.Build.0 = Debug|Any CPU
		{50E0CDB2-BC51-4C46-949A-387E3534041F}.Debug|ARM.ActiveCfg = Debug|Any CPU
		{50E0CDB2-BC51-4C46-949A-387E3534041F}.Debug|Mixed Platforms.ActiveCfg = Debug|Any CPU
		{50E0CDB2-BC51-4C46-949A-387E3534041F}.Debug|Mixed Platforms.Build.0 = Debug|Any CPU
		{50E0CDB2-BC51-4C46-949A-387E3534041F}.Debug|Windows Phone.ActiveCfg = Debug|Any CPU
		{50E0CDB2-BC51-4C46-949A-387E3534041F}.Debug|x64.ActiveCfg = Debug|Any CPU
		{50E0CDB2-BC51-4C46-949A-387E3534041F}.Debug|x86.ActiveCfg = Debug|Any CPU
		{50E0CDB2-BC51-4C46-949A-387E3534041F}.Release|Any CPU.ActiveCfg = Release|Any CPU
		{50E0CDB2-BC51-4C46-949A-387E3534041F}.Release|Any CPU.Build.0 = Release|Any CPU
		{50E0CDB2-BC51-4C46-949A-387E3534041F}.Release|ARM.ActiveCfg = Release|Any CPU
		{50E0CDB2-BC51-4C46-949A-387E3534041F}.Release|Mixed Platforms.ActiveCfg = Release|Any CPU
		{50E0CDB2-BC51-4C46-949A-387E3534041F}.Release|Mixed Platforms.Build.0 = Release|Any CPU
		{50E0CDB2-BC51-4C46-949A-387E3534041F}.Release|Windows Phone.ActiveCfg = Release|Any CPU
		{50E0CDB2-BC51-4C46-949A-387E3534041F}.Release|x64.ActiveCfg = Release|Any CPU
		{50E0CDB2-BC51-4C46-949A-387E3534041F}.Release|x86.ActiveCfg = Release|Any CPU
		{C24AE28B-5BE0-44A7-9232-11E090AA0641}.Debug|Any CPU.ActiveCfg = Debug|Any CPU
		{C24AE28B-5BE0-44A7-9232-11E090AA0641}.Debug|Any CPU.Build.0 = Debug|Any CPU
		{C24AE28B-5BE0-44A7-9232-11E090AA0641}.Debug|ARM.ActiveCfg = Debug|Any CPU
		{C24AE28B-5BE0-44A7-9232-11E090AA0641}.Debug|Mixed Platforms.ActiveCfg = Debug|Any CPU
		{C24AE28B-5BE0-44A7-9232-11E090AA0641}.Debug|Mixed Platforms.Build.0 = Debug|Any CPU
		{C24AE28B-5BE0-44A7-9232-11E090AA0641}.Debug|Windows Phone.ActiveCfg = Debug|Any CPU
		{C24AE28B-5BE0-44A7-9232-11E090AA0641}.Debug|x64.ActiveCfg = Debug|Any CPU
		{C24AE28B-5BE0-44A7-9232-11E090AA0641}.Debug|x86.ActiveCfg = Debug|Any CPU
		{C24AE28B-5BE0-44A7-9232-11E090AA0641}.Release|Any CPU.ActiveCfg = Release|Any CPU
		{C24AE28B-5BE0-44A7-9232-11E090AA0641}.Release|Any CPU.Build.0 = Release|Any CPU
		{C24AE28B-5BE0-44A7-9232-11E090AA0641}.Release|ARM.ActiveCfg = Release|Any CPU
		{C24AE28B-5BE0-44A7-9232-11E090AA0641}.Release|Mixed Platforms.ActiveCfg = Release|Any CPU
		{C24AE28B-5BE0-44A7-9232-11E090AA0641}.Release|Mixed Platforms.Build.0 = Release|Any CPU
		{C24AE28B-5BE0-44A7-9232-11E090AA0641}.Release|Windows Phone.ActiveCfg = Release|Any CPU
		{C24AE28B-5BE0-44A7-9232-11E090AA0641}.Release|x64.ActiveCfg = Release|Any CPU
		{C24AE28B-5BE0-44A7-9232-11E090AA0641}.Release|x86.ActiveCfg = Release|Any CPU
		{455D157B-0FF7-4C06-AA9A-41CA0E8772D7}.Debug|Any CPU.ActiveCfg = Debug|Any CPU
		{455D157B-0FF7-4C06-AA9A-41CA0E8772D7}.Debug|Any CPU.Build.0 = Debug|Any CPU
		{455D157B-0FF7-4C06-AA9A-41CA0E8772D7}.Debug|ARM.ActiveCfg = Debug|Any CPU
		{455D157B-0FF7-4C06-AA9A-41CA0E8772D7}.Debug|Mixed Platforms.ActiveCfg = Debug|Any CPU
		{455D157B-0FF7-4C06-AA9A-41CA0E8772D7}.Debug|Mixed Platforms.Build.0 = Debug|Any CPU
		{455D157B-0FF7-4C06-AA9A-41CA0E8772D7}.Debug|Windows Phone.ActiveCfg = Debug|Any CPU
		{455D157B-0FF7-4C06-AA9A-41CA0E8772D7}.Debug|x64.ActiveCfg = Debug|Any CPU
		{455D157B-0FF7-4C06-AA9A-41CA0E8772D7}.Debug|x86.ActiveCfg = Debug|Any CPU
		{455D157B-0FF7-4C06-AA9A-41CA0E8772D7}.Release|Any CPU.ActiveCfg = Release|Any CPU
		{455D157B-0FF7-4C06-AA9A-41CA0E8772D7}.Release|Any CPU.Build.0 = Release|Any CPU
		{455D157B-0FF7-4C06-AA9A-41CA0E8772D7}.Release|ARM.ActiveCfg = Release|Any CPU
		{455D157B-0FF7-4C06-AA9A-41CA0E8772D7}.Release|Mixed Platforms.ActiveCfg = Release|Any CPU
		{455D157B-0FF7-4C06-AA9A-41CA0E8772D7}.Release|Mixed Platforms.Build.0 = Release|Any CPU
		{455D157B-0FF7-4C06-AA9A-41CA0E8772D7}.Release|Windows Phone.ActiveCfg = Release|Any CPU
		{455D157B-0FF7-4C06-AA9A-41CA0E8772D7}.Release|x64.ActiveCfg = Release|Any CPU
		{455D157B-0FF7-4C06-AA9A-41CA0E8772D7}.Release|x86.ActiveCfg = Release|Any CPU
		{E170965A-D068-40E8-A37F-F480B6F1CB5F}.Debug|Any CPU.ActiveCfg = Debug|Any CPU
		{E170965A-D068-40E8-A37F-F480B6F1CB5F}.Debug|Any CPU.Build.0 = Debug|Any CPU
		{E170965A-D068-40E8-A37F-F480B6F1CB5F}.Debug|ARM.ActiveCfg = Debug|Any CPU
		{E170965A-D068-40E8-A37F-F480B6F1CB5F}.Debug|Mixed Platforms.ActiveCfg = Debug|Any CPU
		{E170965A-D068-40E8-A37F-F480B6F1CB5F}.Debug|Mixed Platforms.Build.0 = Debug|Any CPU
		{E170965A-D068-40E8-A37F-F480B6F1CB5F}.Debug|Windows Phone.ActiveCfg = Debug|Any CPU
		{E170965A-D068-40E8-A37F-F480B6F1CB5F}.Debug|x64.ActiveCfg = Debug|Any CPU
		{E170965A-D068-40E8-A37F-F480B6F1CB5F}.Debug|x86.ActiveCfg = Debug|Any CPU
		{E170965A-D068-40E8-A37F-F480B6F1CB5F}.Release|Any CPU.ActiveCfg = Release|Any CPU
		{E170965A-D068-40E8-A37F-F480B6F1CB5F}.Release|Any CPU.Build.0 = Release|Any CPU
		{E170965A-D068-40E8-A37F-F480B6F1CB5F}.Release|ARM.ActiveCfg = Release|Any CPU
		{E170965A-D068-40E8-A37F-F480B6F1CB5F}.Release|Mixed Platforms.ActiveCfg = Release|Any CPU
		{E170965A-D068-40E8-A37F-F480B6F1CB5F}.Release|Mixed Platforms.Build.0 = Release|Any CPU
		{E170965A-D068-40E8-A37F-F480B6F1CB5F}.Release|Windows Phone.ActiveCfg = Release|Any CPU
		{E170965A-D068-40E8-A37F-F480B6F1CB5F}.Release|x64.ActiveCfg = Release|Any CPU
		{E170965A-D068-40E8-A37F-F480B6F1CB5F}.Release|x86.ActiveCfg = Release|Any CPU
		{2751DBEF-1C83-4D9D-B255-5A5D9291C6A4}.Debug|Any CPU.ActiveCfg = Debug|Any CPU
		{2751DBEF-1C83-4D9D-B255-5A5D9291C6A4}.Debug|Any CPU.Build.0 = Debug|Any CPU
		{2751DBEF-1C83-4D9D-B255-5A5D9291C6A4}.Debug|ARM.ActiveCfg = Debug|Any CPU
		{2751DBEF-1C83-4D9D-B255-5A5D9291C6A4}.Debug|Mixed Platforms.ActiveCfg = Debug|Any CPU
		{2751DBEF-1C83-4D9D-B255-5A5D9291C6A4}.Debug|Mixed Platforms.Build.0 = Debug|Any CPU
		{2751DBEF-1C83-4D9D-B255-5A5D9291C6A4}.Debug|Windows Phone.ActiveCfg = Debug|Any CPU
		{2751DBEF-1C83-4D9D-B255-5A5D9291C6A4}.Debug|x64.ActiveCfg = Debug|Any CPU
		{2751DBEF-1C83-4D9D-B255-5A5D9291C6A4}.Debug|x86.ActiveCfg = Debug|Any CPU
		{2751DBEF-1C83-4D9D-B255-5A5D9291C6A4}.Release|Any CPU.ActiveCfg = Release|Any CPU
		{2751DBEF-1C83-4D9D-B255-5A5D9291C6A4}.Release|Any CPU.Build.0 = Release|Any CPU
		{2751DBEF-1C83-4D9D-B255-5A5D9291C6A4}.Release|ARM.ActiveCfg = Release|Any CPU
		{2751DBEF-1C83-4D9D-B255-5A5D9291C6A4}.Release|Mixed Platforms.ActiveCfg = Release|Any CPU
		{2751DBEF-1C83-4D9D-B255-5A5D9291C6A4}.Release|Mixed Platforms.Build.0 = Release|Any CPU
		{2751DBEF-1C83-4D9D-B255-5A5D9291C6A4}.Release|Windows Phone.ActiveCfg = Release|Any CPU
		{2751DBEF-1C83-4D9D-B255-5A5D9291C6A4}.Release|x64.ActiveCfg = Release|Any CPU
		{2751DBEF-1C83-4D9D-B255-5A5D9291C6A4}.Release|x86.ActiveCfg = Release|Any CPU
		{6162A233-C998-43C0-B78B-FB090310D6B5}.Debug|Any CPU.ActiveCfg = Debug|Any CPU
		{6162A233-C998-43C0-B78B-FB090310D6B5}.Debug|Any CPU.Build.0 = Debug|Any CPU
		{6162A233-C998-43C0-B78B-FB090310D6B5}.Debug|ARM.ActiveCfg = Debug|Any CPU
		{6162A233-C998-43C0-B78B-FB090310D6B5}.Debug|Mixed Platforms.ActiveCfg = Debug|Any CPU
		{6162A233-C998-43C0-B78B-FB090310D6B5}.Debug|Mixed Platforms.Build.0 = Debug|Any CPU
		{6162A233-C998-43C0-B78B-FB090310D6B5}.Debug|Windows Phone.ActiveCfg = Debug|Any CPU
		{6162A233-C998-43C0-B78B-FB090310D6B5}.Debug|x64.ActiveCfg = Debug|Any CPU
		{6162A233-C998-43C0-B78B-FB090310D6B5}.Debug|x86.ActiveCfg = Debug|Any CPU
		{6162A233-C998-43C0-B78B-FB090310D6B5}.Release|Any CPU.ActiveCfg = Release|Any CPU
		{6162A233-C998-43C0-B78B-FB090310D6B5}.Release|Any CPU.Build.0 = Release|Any CPU
		{6162A233-C998-43C0-B78B-FB090310D6B5}.Release|ARM.ActiveCfg = Release|Any CPU
		{6162A233-C998-43C0-B78B-FB090310D6B5}.Release|Mixed Platforms.ActiveCfg = Release|Any CPU
		{6162A233-C998-43C0-B78B-FB090310D6B5}.Release|Mixed Platforms.Build.0 = Release|Any CPU
		{6162A233-C998-43C0-B78B-FB090310D6B5}.Release|Windows Phone.ActiveCfg = Release|Any CPU
		{6162A233-C998-43C0-B78B-FB090310D6B5}.Release|x64.ActiveCfg = Release|Any CPU
		{6162A233-C998-43C0-B78B-FB090310D6B5}.Release|x86.ActiveCfg = Release|Any CPU
		{20FCE78B-ACEC-43BE-B3B9-B14B912EDAA8}.Debug|Any CPU.ActiveCfg = Debug|Any CPU
		{20FCE78B-ACEC-43BE-B3B9-B14B912EDAA8}.Debug|Any CPU.Build.0 = Debug|Any CPU
		{20FCE78B-ACEC-43BE-B3B9-B14B912EDAA8}.Debug|ARM.ActiveCfg = Debug|Any CPU
		{20FCE78B-ACEC-43BE-B3B9-B14B912EDAA8}.Debug|Mixed Platforms.ActiveCfg = Debug|Any CPU
		{20FCE78B-ACEC-43BE-B3B9-B14B912EDAA8}.Debug|Mixed Platforms.Build.0 = Debug|Any CPU
		{20FCE78B-ACEC-43BE-B3B9-B14B912EDAA8}.Debug|Windows Phone.ActiveCfg = Debug|Any CPU
		{20FCE78B-ACEC-43BE-B3B9-B14B912EDAA8}.Debug|x64.ActiveCfg = Debug|Any CPU
		{20FCE78B-ACEC-43BE-B3B9-B14B912EDAA8}.Debug|x86.ActiveCfg = Debug|Any CPU
		{20FCE78B-ACEC-43BE-B3B9-B14B912EDAA8}.Release|Any CPU.ActiveCfg = Release|Any CPU
		{20FCE78B-ACEC-43BE-B3B9-B14B912EDAA8}.Release|Any CPU.Build.0 = Release|Any CPU
		{20FCE78B-ACEC-43BE-B3B9-B14B912EDAA8}.Release|ARM.ActiveCfg = Release|Any CPU
		{20FCE78B-ACEC-43BE-B3B9-B14B912EDAA8}.Release|Mixed Platforms.ActiveCfg = Release|Any CPU
		{20FCE78B-ACEC-43BE-B3B9-B14B912EDAA8}.Release|Mixed Platforms.Build.0 = Release|Any CPU
		{20FCE78B-ACEC-43BE-B3B9-B14B912EDAA8}.Release|Windows Phone.ActiveCfg = Release|Any CPU
		{20FCE78B-ACEC-43BE-B3B9-B14B912EDAA8}.Release|x64.ActiveCfg = Release|Any CPU
		{20FCE78B-ACEC-43BE-B3B9-B14B912EDAA8}.Release|x86.ActiveCfg = Release|Any CPU
		{BC5D8CA7-49D2-4554-ADAA-465DC41D71A9}.Debug|Any CPU.ActiveCfg = Debug|Any CPU
		{BC5D8CA7-49D2-4554-ADAA-465DC41D71A9}.Debug|Any CPU.Build.0 = Debug|Any CPU
		{BC5D8CA7-49D2-4554-ADAA-465DC41D71A9}.Debug|ARM.ActiveCfg = Debug|Any CPU
		{BC5D8CA7-49D2-4554-ADAA-465DC41D71A9}.Debug|Mixed Platforms.ActiveCfg = Debug|Any CPU
		{BC5D8CA7-49D2-4554-ADAA-465DC41D71A9}.Debug|Mixed Platforms.Build.0 = Debug|Any CPU
		{BC5D8CA7-49D2-4554-ADAA-465DC41D71A9}.Debug|Windows Phone.ActiveCfg = Debug|Any CPU
		{BC5D8CA7-49D2-4554-ADAA-465DC41D71A9}.Debug|x64.ActiveCfg = Debug|Any CPU
		{BC5D8CA7-49D2-4554-ADAA-465DC41D71A9}.Debug|x86.ActiveCfg = Debug|Any CPU
		{BC5D8CA7-49D2-4554-ADAA-465DC41D71A9}.Release|Any CPU.ActiveCfg = Release|Any CPU
		{BC5D8CA7-49D2-4554-ADAA-465DC41D71A9}.Release|Any CPU.Build.0 = Release|Any CPU
		{BC5D8CA7-49D2-4554-ADAA-465DC41D71A9}.Release|ARM.ActiveCfg = Release|Any CPU
		{BC5D8CA7-49D2-4554-ADAA-465DC41D71A9}.Release|Mixed Platforms.ActiveCfg = Release|Any CPU
		{BC5D8CA7-49D2-4554-ADAA-465DC41D71A9}.Release|Mixed Platforms.Build.0 = Release|Any CPU
		{BC5D8CA7-49D2-4554-ADAA-465DC41D71A9}.Release|Windows Phone.ActiveCfg = Release|Any CPU
		{BC5D8CA7-49D2-4554-ADAA-465DC41D71A9}.Release|x64.ActiveCfg = Release|Any CPU
		{BC5D8CA7-49D2-4554-ADAA-465DC41D71A9}.Release|x86.ActiveCfg = Release|Any CPU
		{91083992-D3B6-4CE4-8D5F-ADD6AB343D7D}.Debug|Any CPU.ActiveCfg = Debug|Any CPU
		{91083992-D3B6-4CE4-8D5F-ADD6AB343D7D}.Debug|Any CPU.Build.0 = Debug|Any CPU
		{91083992-D3B6-4CE4-8D5F-ADD6AB343D7D}.Debug|ARM.ActiveCfg = Debug|Any CPU
		{91083992-D3B6-4CE4-8D5F-ADD6AB343D7D}.Debug|Mixed Platforms.ActiveCfg = Debug|Any CPU
		{91083992-D3B6-4CE4-8D5F-ADD6AB343D7D}.Debug|Mixed Platforms.Build.0 = Debug|Any CPU
		{91083992-D3B6-4CE4-8D5F-ADD6AB343D7D}.Debug|Windows Phone.ActiveCfg = Debug|Any CPU
		{91083992-D3B6-4CE4-8D5F-ADD6AB343D7D}.Debug|x64.ActiveCfg = Debug|Any CPU
		{91083992-D3B6-4CE4-8D5F-ADD6AB343D7D}.Debug|x86.ActiveCfg = Debug|Any CPU
		{91083992-D3B6-4CE4-8D5F-ADD6AB343D7D}.Release|Any CPU.ActiveCfg = Release|Any CPU
		{91083992-D3B6-4CE4-8D5F-ADD6AB343D7D}.Release|Any CPU.Build.0 = Release|Any CPU
		{91083992-D3B6-4CE4-8D5F-ADD6AB343D7D}.Release|ARM.ActiveCfg = Release|Any CPU
		{91083992-D3B6-4CE4-8D5F-ADD6AB343D7D}.Release|Mixed Platforms.ActiveCfg = Release|Any CPU
		{91083992-D3B6-4CE4-8D5F-ADD6AB343D7D}.Release|Mixed Platforms.Build.0 = Release|Any CPU
		{91083992-D3B6-4CE4-8D5F-ADD6AB343D7D}.Release|Windows Phone.ActiveCfg = Release|Any CPU
		{91083992-D3B6-4CE4-8D5F-ADD6AB343D7D}.Release|x64.ActiveCfg = Release|Any CPU
		{91083992-D3B6-4CE4-8D5F-ADD6AB343D7D}.Release|x86.ActiveCfg = Release|Any CPU
		{2BE8A6C6-A3B9-4A60-80C8-530A7C308794}.Debug|Any CPU.ActiveCfg = Debug|Any CPU
		{2BE8A6C6-A3B9-4A60-80C8-530A7C308794}.Debug|Any CPU.Build.0 = Debug|Any CPU
		{2BE8A6C6-A3B9-4A60-80C8-530A7C308794}.Debug|ARM.ActiveCfg = Debug|Any CPU
		{2BE8A6C6-A3B9-4A60-80C8-530A7C308794}.Debug|Mixed Platforms.ActiveCfg = Debug|Any CPU
		{2BE8A6C6-A3B9-4A60-80C8-530A7C308794}.Debug|Mixed Platforms.Build.0 = Debug|Any CPU
		{2BE8A6C6-A3B9-4A60-80C8-530A7C308794}.Debug|Windows Phone.ActiveCfg = Debug|Any CPU
		{2BE8A6C6-A3B9-4A60-80C8-530A7C308794}.Debug|x64.ActiveCfg = Debug|Any CPU
		{2BE8A6C6-A3B9-4A60-80C8-530A7C308794}.Debug|x86.ActiveCfg = Debug|Any CPU
		{2BE8A6C6-A3B9-4A60-80C8-530A7C308794}.Release|Any CPU.ActiveCfg = Release|Any CPU
		{2BE8A6C6-A3B9-4A60-80C8-530A7C308794}.Release|Any CPU.Build.0 = Release|Any CPU
		{2BE8A6C6-A3B9-4A60-80C8-530A7C308794}.Release|ARM.ActiveCfg = Release|Any CPU
		{2BE8A6C6-A3B9-4A60-80C8-530A7C308794}.Release|Mixed Platforms.ActiveCfg = Release|Any CPU
		{2BE8A6C6-A3B9-4A60-80C8-530A7C308794}.Release|Mixed Platforms.Build.0 = Release|Any CPU
		{2BE8A6C6-A3B9-4A60-80C8-530A7C308794}.Release|Windows Phone.ActiveCfg = Release|Any CPU
		{2BE8A6C6-A3B9-4A60-80C8-530A7C308794}.Release|x64.ActiveCfg = Release|Any CPU
		{2BE8A6C6-A3B9-4A60-80C8-530A7C308794}.Release|x86.ActiveCfg = Release|Any CPU
		{EB4171BB-7D68-4497-9E3B-FB9ECA6BA992}.Debug|Any CPU.ActiveCfg = Debug|Any CPU
		{EB4171BB-7D68-4497-9E3B-FB9ECA6BA992}.Debug|Any CPU.Build.0 = Debug|Any CPU
		{EB4171BB-7D68-4497-9E3B-FB9ECA6BA992}.Debug|ARM.ActiveCfg = Debug|Any CPU
		{EB4171BB-7D68-4497-9E3B-FB9ECA6BA992}.Debug|Mixed Platforms.ActiveCfg = Debug|Any CPU
		{EB4171BB-7D68-4497-9E3B-FB9ECA6BA992}.Debug|Mixed Platforms.Build.0 = Debug|Any CPU
		{EB4171BB-7D68-4497-9E3B-FB9ECA6BA992}.Debug|Windows Phone.ActiveCfg = Debug|Any CPU
		{EB4171BB-7D68-4497-9E3B-FB9ECA6BA992}.Debug|x64.ActiveCfg = Debug|Any CPU
		{EB4171BB-7D68-4497-9E3B-FB9ECA6BA992}.Debug|x86.ActiveCfg = Debug|Any CPU
		{EB4171BB-7D68-4497-9E3B-FB9ECA6BA992}.Release|Any CPU.ActiveCfg = Release|Any CPU
		{EB4171BB-7D68-4497-9E3B-FB9ECA6BA992}.Release|Any CPU.Build.0 = Release|Any CPU
		{EB4171BB-7D68-4497-9E3B-FB9ECA6BA992}.Release|ARM.ActiveCfg = Release|Any CPU
		{EB4171BB-7D68-4497-9E3B-FB9ECA6BA992}.Release|Mixed Platforms.ActiveCfg = Release|Any CPU
		{EB4171BB-7D68-4497-9E3B-FB9ECA6BA992}.Release|Mixed Platforms.Build.0 = Release|Any CPU
		{EB4171BB-7D68-4497-9E3B-FB9ECA6BA992}.Release|Windows Phone.ActiveCfg = Release|Any CPU
		{EB4171BB-7D68-4497-9E3B-FB9ECA6BA992}.Release|x64.ActiveCfg = Release|Any CPU
		{EB4171BB-7D68-4497-9E3B-FB9ECA6BA992}.Release|x86.ActiveCfg = Release|Any CPU
		{DC3CA98C-2B04-4603-AC85-7EA34ECD393B}.Debug|Any CPU.ActiveCfg = Debug|Any CPU
		{DC3CA98C-2B04-4603-AC85-7EA34ECD393B}.Debug|Any CPU.Build.0 = Debug|Any CPU
		{DC3CA98C-2B04-4603-AC85-7EA34ECD393B}.Debug|ARM.ActiveCfg = Debug|Any CPU
		{DC3CA98C-2B04-4603-AC85-7EA34ECD393B}.Debug|Mixed Platforms.ActiveCfg = Debug|Any CPU
		{DC3CA98C-2B04-4603-AC85-7EA34ECD393B}.Debug|Mixed Platforms.Build.0 = Debug|Any CPU
		{DC3CA98C-2B04-4603-AC85-7EA34ECD393B}.Debug|Windows Phone.ActiveCfg = Debug|Any CPU
		{DC3CA98C-2B04-4603-AC85-7EA34ECD393B}.Debug|x64.ActiveCfg = Debug|Any CPU
		{DC3CA98C-2B04-4603-AC85-7EA34ECD393B}.Debug|x86.ActiveCfg = Debug|Any CPU
		{DC3CA98C-2B04-4603-AC85-7EA34ECD393B}.Release|Any CPU.ActiveCfg = Release|Any CPU
		{DC3CA98C-2B04-4603-AC85-7EA34ECD393B}.Release|Any CPU.Build.0 = Release|Any CPU
		{DC3CA98C-2B04-4603-AC85-7EA34ECD393B}.Release|ARM.ActiveCfg = Release|Any CPU
		{DC3CA98C-2B04-4603-AC85-7EA34ECD393B}.Release|Mixed Platforms.ActiveCfg = Release|Any CPU
		{DC3CA98C-2B04-4603-AC85-7EA34ECD393B}.Release|Mixed Platforms.Build.0 = Release|Any CPU
		{DC3CA98C-2B04-4603-AC85-7EA34ECD393B}.Release|Windows Phone.ActiveCfg = Release|Any CPU
		{DC3CA98C-2B04-4603-AC85-7EA34ECD393B}.Release|x64.ActiveCfg = Release|Any CPU
		{DC3CA98C-2B04-4603-AC85-7EA34ECD393B}.Release|x86.ActiveCfg = Release|Any CPU
		{2F8D4198-6DE0-43BE-91CA-5B4B2BBCDAE0}.Debug|Any CPU.ActiveCfg = Debug|Any CPU
		{2F8D4198-6DE0-43BE-91CA-5B4B2BBCDAE0}.Debug|Any CPU.Build.0 = Debug|Any CPU
		{2F8D4198-6DE0-43BE-91CA-5B4B2BBCDAE0}.Debug|ARM.ActiveCfg = Debug|Any CPU
		{2F8D4198-6DE0-43BE-91CA-5B4B2BBCDAE0}.Debug|Mixed Platforms.ActiveCfg = Debug|Any CPU
		{2F8D4198-6DE0-43BE-91CA-5B4B2BBCDAE0}.Debug|Mixed Platforms.Build.0 = Debug|Any CPU
		{2F8D4198-6DE0-43BE-91CA-5B4B2BBCDAE0}.Debug|Windows Phone.ActiveCfg = Debug|Any CPU
		{2F8D4198-6DE0-43BE-91CA-5B4B2BBCDAE0}.Debug|x64.ActiveCfg = Debug|Any CPU
		{2F8D4198-6DE0-43BE-91CA-5B4B2BBCDAE0}.Debug|x86.ActiveCfg = Debug|Any CPU
		{2F8D4198-6DE0-43BE-91CA-5B4B2BBCDAE0}.Release|Any CPU.ActiveCfg = Release|Any CPU
		{2F8D4198-6DE0-43BE-91CA-5B4B2BBCDAE0}.Release|Any CPU.Build.0 = Release|Any CPU
		{2F8D4198-6DE0-43BE-91CA-5B4B2BBCDAE0}.Release|ARM.ActiveCfg = Release|Any CPU
		{2F8D4198-6DE0-43BE-91CA-5B4B2BBCDAE0}.Release|Mixed Platforms.ActiveCfg = Release|Any CPU
		{2F8D4198-6DE0-43BE-91CA-5B4B2BBCDAE0}.Release|Mixed Platforms.Build.0 = Release|Any CPU
		{2F8D4198-6DE0-43BE-91CA-5B4B2BBCDAE0}.Release|Windows Phone.ActiveCfg = Release|Any CPU
		{2F8D4198-6DE0-43BE-91CA-5B4B2BBCDAE0}.Release|x64.ActiveCfg = Release|Any CPU
		{2F8D4198-6DE0-43BE-91CA-5B4B2BBCDAE0}.Release|x86.ActiveCfg = Release|Any CPU
		{27899432-06C9-4F0C-A530-CE590826E014}.Debug|Any CPU.ActiveCfg = Debug|Any CPU
		{27899432-06C9-4F0C-A530-CE590826E014}.Debug|Any CPU.Build.0 = Debug|Any CPU
		{27899432-06C9-4F0C-A530-CE590826E014}.Debug|ARM.ActiveCfg = Debug|Any CPU
		{27899432-06C9-4F0C-A530-CE590826E014}.Debug|Mixed Platforms.ActiveCfg = Debug|Any CPU
		{27899432-06C9-4F0C-A530-CE590826E014}.Debug|Mixed Platforms.Build.0 = Debug|Any CPU
		{27899432-06C9-4F0C-A530-CE590826E014}.Debug|Windows Phone.ActiveCfg = Debug|Any CPU
		{27899432-06C9-4F0C-A530-CE590826E014}.Debug|x64.ActiveCfg = Debug|Any CPU
		{27899432-06C9-4F0C-A530-CE590826E014}.Debug|x86.ActiveCfg = Debug|Any CPU
		{27899432-06C9-4F0C-A530-CE590826E014}.Release|Any CPU.ActiveCfg = Release|Any CPU
		{27899432-06C9-4F0C-A530-CE590826E014}.Release|Any CPU.Build.0 = Release|Any CPU
		{27899432-06C9-4F0C-A530-CE590826E014}.Release|ARM.ActiveCfg = Release|Any CPU
		{27899432-06C9-4F0C-A530-CE590826E014}.Release|Mixed Platforms.ActiveCfg = Release|Any CPU
		{27899432-06C9-4F0C-A530-CE590826E014}.Release|Mixed Platforms.Build.0 = Release|Any CPU
		{27899432-06C9-4F0C-A530-CE590826E014}.Release|Windows Phone.ActiveCfg = Release|Any CPU
		{27899432-06C9-4F0C-A530-CE590826E014}.Release|x64.ActiveCfg = Release|Any CPU
		{27899432-06C9-4F0C-A530-CE590826E014}.Release|x86.ActiveCfg = Release|Any CPU
		{BC2F98EE-BD44-43DD-A97A-B3710C7E21E9}.Debug|Any CPU.ActiveCfg = Debug|Any CPU
		{BC2F98EE-BD44-43DD-A97A-B3710C7E21E9}.Debug|Any CPU.Build.0 = Debug|Any CPU
		{BC2F98EE-BD44-43DD-A97A-B3710C7E21E9}.Debug|ARM.ActiveCfg = Debug|Any CPU
		{BC2F98EE-BD44-43DD-A97A-B3710C7E21E9}.Debug|Mixed Platforms.ActiveCfg = Debug|Any CPU
		{BC2F98EE-BD44-43DD-A97A-B3710C7E21E9}.Debug|Mixed Platforms.Build.0 = Debug|Any CPU
		{BC2F98EE-BD44-43DD-A97A-B3710C7E21E9}.Debug|Windows Phone.ActiveCfg = Debug|Any CPU
		{BC2F98EE-BD44-43DD-A97A-B3710C7E21E9}.Debug|x64.ActiveCfg = Debug|Any CPU
		{BC2F98EE-BD44-43DD-A97A-B3710C7E21E9}.Debug|x86.ActiveCfg = Debug|Any CPU
		{BC2F98EE-BD44-43DD-A97A-B3710C7E21E9}.Release|Any CPU.ActiveCfg = Release|Any CPU
		{BC2F98EE-BD44-43DD-A97A-B3710C7E21E9}.Release|Any CPU.Build.0 = Release|Any CPU
		{BC2F98EE-BD44-43DD-A97A-B3710C7E21E9}.Release|ARM.ActiveCfg = Release|Any CPU
		{BC2F98EE-BD44-43DD-A97A-B3710C7E21E9}.Release|Mixed Platforms.ActiveCfg = Release|Any CPU
		{BC2F98EE-BD44-43DD-A97A-B3710C7E21E9}.Release|Mixed Platforms.Build.0 = Release|Any CPU
		{BC2F98EE-BD44-43DD-A97A-B3710C7E21E9}.Release|Windows Phone.ActiveCfg = Release|Any CPU
		{BC2F98EE-BD44-43DD-A97A-B3710C7E21E9}.Release|x64.ActiveCfg = Release|Any CPU
		{BC2F98EE-BD44-43DD-A97A-B3710C7E21E9}.Release|x86.ActiveCfg = Release|Any CPU
		{F8B8E839-8145-4387-ABBC-93C250C18F28}.Debug|Any CPU.ActiveCfg = Debug|Any CPU
		{F8B8E839-8145-4387-ABBC-93C250C18F28}.Debug|Any CPU.Build.0 = Debug|Any CPU
		{F8B8E839-8145-4387-ABBC-93C250C18F28}.Debug|ARM.ActiveCfg = Debug|Any CPU
		{F8B8E839-8145-4387-ABBC-93C250C18F28}.Debug|Mixed Platforms.ActiveCfg = Debug|Any CPU
		{F8B8E839-8145-4387-ABBC-93C250C18F28}.Debug|Mixed Platforms.Build.0 = Debug|Any CPU
		{F8B8E839-8145-4387-ABBC-93C250C18F28}.Debug|Windows Phone.ActiveCfg = Debug|Any CPU
		{F8B8E839-8145-4387-ABBC-93C250C18F28}.Debug|x64.ActiveCfg = Debug|Any CPU
		{F8B8E839-8145-4387-ABBC-93C250C18F28}.Debug|x86.ActiveCfg = Debug|Any CPU
		{F8B8E839-8145-4387-ABBC-93C250C18F28}.Release|Any CPU.ActiveCfg = Release|Any CPU
		{F8B8E839-8145-4387-ABBC-93C250C18F28}.Release|Any CPU.Build.0 = Release|Any CPU
		{F8B8E839-8145-4387-ABBC-93C250C18F28}.Release|ARM.ActiveCfg = Release|Any CPU
		{F8B8E839-8145-4387-ABBC-93C250C18F28}.Release|Mixed Platforms.ActiveCfg = Release|Any CPU
		{F8B8E839-8145-4387-ABBC-93C250C18F28}.Release|Mixed Platforms.Build.0 = Release|Any CPU
		{F8B8E839-8145-4387-ABBC-93C250C18F28}.Release|Windows Phone.ActiveCfg = Release|Any CPU
		{F8B8E839-8145-4387-ABBC-93C250C18F28}.Release|x64.ActiveCfg = Release|Any CPU
		{F8B8E839-8145-4387-ABBC-93C250C18F28}.Release|x86.ActiveCfg = Release|Any CPU
		{F4F110AE-01E4-4323-8167-31F4010E80F2}.Debug|Any CPU.ActiveCfg = Debug|Any CPU
		{F4F110AE-01E4-4323-8167-31F4010E80F2}.Debug|Any CPU.Build.0 = Debug|Any CPU
		{F4F110AE-01E4-4323-8167-31F4010E80F2}.Debug|ARM.ActiveCfg = Debug|Any CPU
		{F4F110AE-01E4-4323-8167-31F4010E80F2}.Debug|Mixed Platforms.ActiveCfg = Debug|Any CPU
		{F4F110AE-01E4-4323-8167-31F4010E80F2}.Debug|Mixed Platforms.Build.0 = Debug|Any CPU
		{F4F110AE-01E4-4323-8167-31F4010E80F2}.Debug|Windows Phone.ActiveCfg = Debug|Any CPU
		{F4F110AE-01E4-4323-8167-31F4010E80F2}.Debug|x64.ActiveCfg = Debug|Any CPU
		{F4F110AE-01E4-4323-8167-31F4010E80F2}.Debug|x86.ActiveCfg = Debug|Any CPU
		{F4F110AE-01E4-4323-8167-31F4010E80F2}.Release|Any CPU.ActiveCfg = Release|Any CPU
		{F4F110AE-01E4-4323-8167-31F4010E80F2}.Release|Any CPU.Build.0 = Release|Any CPU
		{F4F110AE-01E4-4323-8167-31F4010E80F2}.Release|ARM.ActiveCfg = Release|Any CPU
		{F4F110AE-01E4-4323-8167-31F4010E80F2}.Release|Mixed Platforms.ActiveCfg = Release|Any CPU
		{F4F110AE-01E4-4323-8167-31F4010E80F2}.Release|Mixed Platforms.Build.0 = Release|Any CPU
		{F4F110AE-01E4-4323-8167-31F4010E80F2}.Release|Windows Phone.ActiveCfg = Release|Any CPU
		{F4F110AE-01E4-4323-8167-31F4010E80F2}.Release|x64.ActiveCfg = Release|Any CPU
		{F4F110AE-01E4-4323-8167-31F4010E80F2}.Release|x86.ActiveCfg = Release|Any CPU
	EndGlobalSection
	GlobalSection(SolutionProperties) = preSolution
		HideSolutionNode = FALSE
	EndGlobalSection
	GlobalSection(NestedProjects) = preSolution
		{DB188B00-7360-4799-860C-95355B9D4FE3} = {7BCC81C6-D737-482A-9F6A-5394DED9FAC5}
		{231DBA7A-C365-4712-BBED-19700F464CAB} = {DB188B00-7360-4799-860C-95355B9D4FE3}
		{83487190-5280-4CB7-B0D1-4ED98349D91D} = {7BCC81C6-D737-482A-9F6A-5394DED9FAC5}
		{DCD0A910-1D32-43F1-BC05-EDB6C19722AE} = {83487190-5280-4CB7-B0D1-4ED98349D91D}
		{47A0F0A8-EC02-4890-93E8-BF3E1960E7D2} = {7BCC81C6-D737-482A-9F6A-5394DED9FAC5}
		{50E0CDB2-BC51-4C46-949A-387E3534041F} = {47A0F0A8-EC02-4890-93E8-BF3E1960E7D2}
		{897F5390-5D7D-4D96-8D20-AEC53706F681} = {7BCC81C6-D737-482A-9F6A-5394DED9FAC5}
		{C24AE28B-5BE0-44A7-9232-11E090AA0641} = {897F5390-5D7D-4D96-8D20-AEC53706F681}
		{455D157B-0FF7-4C06-AA9A-41CA0E8772D7} = {83487190-5280-4CB7-B0D1-4ED98349D91D}
		{E170965A-D068-40E8-A37F-F480B6F1CB5F} = {47A0F0A8-EC02-4890-93E8-BF3E1960E7D2}
		{2751DBEF-1C83-4D9D-B255-5A5D9291C6A4} = {897F5390-5D7D-4D96-8D20-AEC53706F681}
		{6162A233-C998-43C0-B78B-FB090310D6B5} = {DB188B00-7360-4799-860C-95355B9D4FE3}
		{20FCE78B-ACEC-43BE-B3B9-B14B912EDAA8} = {83487190-5280-4CB7-B0D1-4ED98349D91D}
		{BC5D8CA7-49D2-4554-ADAA-465DC41D71A9} = {47A0F0A8-EC02-4890-93E8-BF3E1960E7D2}
		{91083992-D3B6-4CE4-8D5F-ADD6AB343D7D} = {897F5390-5D7D-4D96-8D20-AEC53706F681}
		{2BE8A6C6-A3B9-4A60-80C8-530A7C308794} = {DB188B00-7360-4799-860C-95355B9D4FE3}
		{EB4171BB-7D68-4497-9E3B-FB9ECA6BA992} = {83487190-5280-4CB7-B0D1-4ED98349D91D}
		{DC3CA98C-2B04-4603-AC85-7EA34ECD393B} = {47A0F0A8-EC02-4890-93E8-BF3E1960E7D2}
		{2F8D4198-6DE0-43BE-91CA-5B4B2BBCDAE0} = {897F5390-5D7D-4D96-8D20-AEC53706F681}
		{201470AE-B469-4F87-B1CC-D87D837A0704} = {7BCC81C6-D737-482A-9F6A-5394DED9FAC5}
		{27899432-06C9-4F0C-A530-CE590826E014} = {201470AE-B469-4F87-B1CC-D87D837A0704}
		{BC2F98EE-BD44-43DD-A97A-B3710C7E21E9} = {201470AE-B469-4F87-B1CC-D87D837A0704}
		{F8B8E839-8145-4387-ABBC-93C250C18F28} = {201470AE-B469-4F87-B1CC-D87D837A0704}
		{F4F110AE-01E4-4323-8167-31F4010E80F2} = {201470AE-B469-4F87-B1CC-D87D837A0704}
	EndGlobalSection
EndGlobal
