
Microsoft Visual Studio Solution File, Format Version 12.00
# Visual Studio 2012
Project("{FAE04EC0-301F-11D3-BF4B-00C04F79EFBC}") = "MarcelJoachimKloubert.ApplicationServer", "MarcelJoachimKloubert.ApplicationServer\MarcelJoachimKloubert.ApplicationServer.csproj", "{9F006F97-A3B2-48E5-BA64-7F2DF3C59C82}"
EndProject
Project("{FAE04EC0-301F-11D3-BF4B-00C04F79EFBC}") = "MarcelJoachimKloubert.ApplicationServer.TestHost", "MarcelJoachimKloubert.ApplicationServer.TestHost\MarcelJoachimKloubert.ApplicationServer.TestHost.csproj", "{47D84D67-1309-4056-8E76-14373E1F4F1B}"
EndProject
Project("{FAE04EC0-301F-11D3-BF4B-00C04F79EFBC}") = "MarcelJoachimKloubert.CLRToolbox.45", "..\..\MarcelJoachimKloubert.CLRToolbox.45\MarcelJoachimKloubert.CLRToolbox.45.csproj", "{C24AE28B-5BE0-44A7-9232-11E090AA0641}"
EndProject
Project("{FAE04EC0-301F-11D3-BF4B-00C04F79EFBC}") = "MarcelJoachimKloubert.ApplicationServer.SDK", "MarcelJoachimKloubert.ApplicationServer.SDK\MarcelJoachimKloubert.ApplicationServer.SDK.csproj", "{F66C16A4-703B-4F09-A78D-2ABB90030354}"
EndProject
Project("{FAE04EC0-301F-11D3-BF4B-00C04F79EFBC}") = "MarcelJoachimKloubert.ScriptEngine", "..\MarcelJoachimKloubert.ScriptEngine\MarcelJoachimKloubert.ScriptEngine\MarcelJoachimKloubert.ScriptEngine.csproj", "{20F680D2-6E89-43F2-8943-F848A763E788}"
EndProject
Global
	GlobalSection(SolutionConfigurationPlatforms) = preSolution
		Debug|Any CPU = Debug|Any CPU
		Release|Any CPU = Release|Any CPU
	EndGlobalSection
	GlobalSection(ProjectConfigurationPlatforms) = postSolution
		{9F006F97-A3B2-48E5-BA64-7F2DF3C59C82}.Debug|Any CPU.ActiveCfg = Debug|Any CPU
		{9F006F97-A3B2-48E5-BA64-7F2DF3C59C82}.Debug|Any CPU.Build.0 = Debug|Any CPU
		{9F006F97-A3B2-48E5-BA64-7F2DF3C59C82}.Release|Any CPU.ActiveCfg = Release|Any CPU
		{9F006F97-A3B2-48E5-BA64-7F2DF3C59C82}.Release|Any CPU.Build.0 = Release|Any CPU
		{47D84D67-1309-4056-8E76-14373E1F4F1B}.Debug|Any CPU.ActiveCfg = Debug|Any CPU
		{47D84D67-1309-4056-8E76-14373E1F4F1B}.Debug|Any CPU.Build.0 = Debug|Any CPU
		{47D84D67-1309-4056-8E76-14373E1F4F1B}.Release|Any CPU.ActiveCfg = Release|Any CPU
		{47D84D67-1309-4056-8E76-14373E1F4F1B}.Release|Any CPU.Build.0 = Release|Any CPU
		{C24AE28B-5BE0-44A7-9232-11E090AA0641}.Debug|Any CPU.ActiveCfg = Debug|Any CPU
		{C24AE28B-5BE0-44A7-9232-11E090AA0641}.Debug|Any CPU.Build.0 = Debug|Any CPU
		{C24AE28B-5BE0-44A7-9232-11E090AA0641}.Release|Any CPU.ActiveCfg = Release|Any CPU
		{C24AE28B-5BE0-44A7-9232-11E090AA0641}.Release|Any CPU.Build.0 = Release|Any CPU
		{F66C16A4-703B-4F09-A78D-2ABB90030354}.Debug|Any CPU.ActiveCfg = Debug|Any CPU
		{F66C16A4-703B-4F09-A78D-2ABB90030354}.Debug|Any CPU.Build.0 = Debug|Any CPU
		{F66C16A4-703B-4F09-A78D-2ABB90030354}.Release|Any CPU.ActiveCfg = Release|Any CPU
		{F66C16A4-703B-4F09-A78D-2ABB90030354}.Release|Any CPU.Build.0 = Release|Any CPU
		{20F680D2-6E89-43F2-8943-F848A763E788}.Debug|Any CPU.ActiveCfg = Debug|Any CPU
		{20F680D2-6E89-43F2-8943-F848A763E788}.Debug|Any CPU.Build.0 = Debug|Any CPU
		{20F680D2-6E89-43F2-8943-F848A763E788}.Release|Any CPU.ActiveCfg = Release|Any CPU
		{20F680D2-6E89-43F2-8943-F848A763E788}.Release|Any CPU.Build.0 = Release|Any CPU
	EndGlobalSection
	GlobalSection(SolutionProperties) = preSolution
		HideSolutionNode = FALSE
	EndGlobalSection
EndGlobal
