
Microsoft Visual Studio Solution File, Format Version 12.00
# Visual Studio 2012
Project("{FAE04EC0-301F-11D3-BF4B-00C04F79EFBC}") = "MarcelJoachimKloubert.RoboGit", "MarcelJoachimKloubert.RoboGit\MarcelJoachimKloubert.RoboGit.csproj", "{CBAB652E-8A0D-43F2-8F2E-5DD0B075471C}"
EndProject
Project("{FAE04EC0-301F-11D3-BF4B-00C04F79EFBC}") = "MarcelJoachimKloubert.CLRToolbox.40", "..\..\MarcelJoachimKloubert.CLRToolbox.40\MarcelJoachimKloubert.CLRToolbox.40.csproj", "{50E0CDB2-BC51-4C46-949A-387E3534041F}"
EndProject
Project("{2150E333-8FDC-42A3-9474-1A3956D46DE8}") = "External libs", "External libs", "{AA962608-C313-4148-9CAC-4B2F91977B6D}"
EndProject
Project("{FAE04EC0-301F-11D3-BF4B-00C04F79EFBC}") = "MarcelJoachimKloubert.RoboGitGui", "MarcelJoachimKloubert.RoboGitGui\MarcelJoachimKloubert.RoboGitGui.csproj", "{19E0EBB7-D2EB-4B5F-93A5-76FB77FADB13}"
EndProject
Project("{FAE04EC0-301F-11D3-BF4B-00C04F79EFBC}") = "MarcelJoachimKloubert.CLRToolbox.40.WinForms", "..\..\MarcelJoachimKloubert.CLRToolbox.40.WinForms\MarcelJoachimKloubert.CLRToolbox.40.WinForms.csproj", "{BC5D8CA7-49D2-4554-ADAA-465DC41D71A9}"
EndProject
Global
	GlobalSection(SolutionConfigurationPlatforms) = preSolution
		Debug|Any CPU = Debug|Any CPU
		Release|Any CPU = Release|Any CPU
	EndGlobalSection
	GlobalSection(ProjectConfigurationPlatforms) = postSolution
		{CBAB652E-8A0D-43F2-8F2E-5DD0B075471C}.Debug|Any CPU.ActiveCfg = Debug|Any CPU
		{CBAB652E-8A0D-43F2-8F2E-5DD0B075471C}.Debug|Any CPU.Build.0 = Debug|Any CPU
		{CBAB652E-8A0D-43F2-8F2E-5DD0B075471C}.Release|Any CPU.ActiveCfg = Release|Any CPU
		{CBAB652E-8A0D-43F2-8F2E-5DD0B075471C}.Release|Any CPU.Build.0 = Release|Any CPU
		{50E0CDB2-BC51-4C46-949A-387E3534041F}.Debug|Any CPU.ActiveCfg = Debug|Any CPU
		{50E0CDB2-BC51-4C46-949A-387E3534041F}.Debug|Any CPU.Build.0 = Debug|Any CPU
		{50E0CDB2-BC51-4C46-949A-387E3534041F}.Release|Any CPU.ActiveCfg = Release|Any CPU
		{50E0CDB2-BC51-4C46-949A-387E3534041F}.Release|Any CPU.Build.0 = Release|Any CPU
		{19E0EBB7-D2EB-4B5F-93A5-76FB77FADB13}.Debug|Any CPU.ActiveCfg = Debug|Any CPU
		{19E0EBB7-D2EB-4B5F-93A5-76FB77FADB13}.Debug|Any CPU.Build.0 = Debug|Any CPU
		{19E0EBB7-D2EB-4B5F-93A5-76FB77FADB13}.Release|Any CPU.ActiveCfg = Release|Any CPU
		{19E0EBB7-D2EB-4B5F-93A5-76FB77FADB13}.Release|Any CPU.Build.0 = Release|Any CPU
		{BC5D8CA7-49D2-4554-ADAA-465DC41D71A9}.Debug|Any CPU.ActiveCfg = Debug|Any CPU
		{BC5D8CA7-49D2-4554-ADAA-465DC41D71A9}.Debug|Any CPU.Build.0 = Debug|Any CPU
		{BC5D8CA7-49D2-4554-ADAA-465DC41D71A9}.Release|Any CPU.ActiveCfg = Release|Any CPU
		{BC5D8CA7-49D2-4554-ADAA-465DC41D71A9}.Release|Any CPU.Build.0 = Release|Any CPU
	EndGlobalSection
	GlobalSection(SolutionProperties) = preSolution
		HideSolutionNode = FALSE
	EndGlobalSection
	GlobalSection(NestedProjects) = preSolution
		{50E0CDB2-BC51-4C46-949A-387E3534041F} = {AA962608-C313-4148-9CAC-4B2F91977B6D}
		{BC5D8CA7-49D2-4554-ADAA-465DC41D71A9} = {AA962608-C313-4148-9CAC-4B2F91977B6D}
	EndGlobalSection
EndGlobal
