
Microsoft Visual Studio Solution File, Format Version 12.00
# Visual Studio 2013
VisualStudioVersion = 12.0.30324.0
MinimumVisualStudioVersion = 10.0.40219.1
Project("{FAE04EC0-301F-11D3-BF4B-00C04F79EFBC}") = "MarcelJoachimKloubert.CryptoDrop", "MarcelJoachimKloubert.CryptoDrop\MarcelJoachimKloubert.CryptoDrop.csproj", "{01946CD4-6DD2-4921-8E89-32B432C7648F}"
EndProject
Project("{2150E333-8FDC-42A3-9474-1A3956D46DE8}") = "External libs", "External libs", "{3FA4CEDC-7073-4854-B59A-70C25C05F3D8}"
EndProject
Project("{FAE04EC0-301F-11D3-BF4B-00C04F79EFBC}") = "MarcelJoachimKloubert.CLRToolbox.40", "..\..\MarcelJoachimKloubert.CLRToolbox.40\MarcelJoachimKloubert.CLRToolbox.40.csproj", "{50E0CDB2-BC51-4C46-949A-387E3534041F}"
EndProject
Project("{FAE04EC0-301F-11D3-BF4B-00C04F79EFBC}") = "MarcelJoachimKloubert.CLRToolbox.40.WinForms", "..\..\MarcelJoachimKloubert.CLRToolbox.40.WinForms\MarcelJoachimKloubert.CLRToolbox.40.WinForms.csproj", "{BC5D8CA7-49D2-4554-ADAA-465DC41D71A9}"
EndProject
Global
	GlobalSection(SolutionConfigurationPlatforms) = preSolution
		Debug|Any CPU = Debug|Any CPU
		Release|Any CPU = Release|Any CPU
	EndGlobalSection
	GlobalSection(ProjectConfigurationPlatforms) = postSolution
		{01946CD4-6DD2-4921-8E89-32B432C7648F}.Debug|Any CPU.ActiveCfg = Debug|Any CPU
		{01946CD4-6DD2-4921-8E89-32B432C7648F}.Debug|Any CPU.Build.0 = Debug|Any CPU
		{01946CD4-6DD2-4921-8E89-32B432C7648F}.Release|Any CPU.ActiveCfg = Release|Any CPU
		{01946CD4-6DD2-4921-8E89-32B432C7648F}.Release|Any CPU.Build.0 = Release|Any CPU
		{50E0CDB2-BC51-4C46-949A-387E3534041F}.Debug|Any CPU.ActiveCfg = Debug|Any CPU
		{50E0CDB2-BC51-4C46-949A-387E3534041F}.Debug|Any CPU.Build.0 = Debug|Any CPU
		{50E0CDB2-BC51-4C46-949A-387E3534041F}.Release|Any CPU.ActiveCfg = Release|Any CPU
		{50E0CDB2-BC51-4C46-949A-387E3534041F}.Release|Any CPU.Build.0 = Release|Any CPU
		{BC5D8CA7-49D2-4554-ADAA-465DC41D71A9}.Debug|Any CPU.ActiveCfg = Debug|Any CPU
		{BC5D8CA7-49D2-4554-ADAA-465DC41D71A9}.Debug|Any CPU.Build.0 = Debug|Any CPU
		{BC5D8CA7-49D2-4554-ADAA-465DC41D71A9}.Release|Any CPU.ActiveCfg = Release|Any CPU
		{BC5D8CA7-49D2-4554-ADAA-465DC41D71A9}.Release|Any CPU.Build.0 = Release|Any CPU
	EndGlobalSection
	GlobalSection(SolutionProperties) = preSolution
		HideSolutionNode = FALSE
	EndGlobalSection
	GlobalSection(NestedProjects) = preSolution
		{50E0CDB2-BC51-4C46-949A-387E3534041F} = {3FA4CEDC-7073-4854-B59A-70C25C05F3D8}
		{BC5D8CA7-49D2-4554-ADAA-465DC41D71A9} = {3FA4CEDC-7073-4854-B59A-70C25C05F3D8}
	EndGlobalSection
EndGlobal
