
Microsoft Visual Studio Solution File, Format Version 12.00
# Visual Studio 2012
Project("{FAE04EC0-301F-11D3-BF4B-00C04F79EFBC}") = "MarcelJoachimKloubert.MusicSorter", "MarcelJoachimKloubert.MusicSorter\MarcelJoachimKloubert.MusicSorter.csproj", "{81333854-71AD-4D33-9BFA-197BBABCF0A0}"
EndProject
Project("{FAE04EC0-301F-11D3-BF4B-00C04F79EFBC}") = "MarcelJoachimKloubert.CLRToolbox.45", "..\..\MarcelJoachimKloubert.CLRToolbox.45\MarcelJoachimKloubert.CLRToolbox.45.csproj", "{C24AE28B-5BE0-44A7-9232-11E090AA0641}"
EndProject
Project("{FAE04EC0-301F-11D3-BF4B-00C04F79EFBC}") = "MarcelJoachimKloubert.CLRToolbox.45.WinForms", "..\..\MarcelJoachimKloubert.CLRToolbox.45.WinForms\MarcelJoachimKloubert.CLRToolbox.45.WinForms.csproj", "{91083992-D3B6-4CE4-8D5F-ADD6AB343D7D}"
EndProject
Global
	GlobalSection(SolutionConfigurationPlatforms) = preSolution
		Debug|Any CPU = Debug|Any CPU
		Release|Any CPU = Release|Any CPU
	EndGlobalSection
	GlobalSection(ProjectConfigurationPlatforms) = postSolution
		{81333854-71AD-4D33-9BFA-197BBABCF0A0}.Debug|Any CPU.ActiveCfg = Debug|Any CPU
		{81333854-71AD-4D33-9BFA-197BBABCF0A0}.Debug|Any CPU.Build.0 = Debug|Any CPU
		{81333854-71AD-4D33-9BFA-197BBABCF0A0}.Release|Any CPU.ActiveCfg = Release|Any CPU
		{81333854-71AD-4D33-9BFA-197BBABCF0A0}.Release|Any CPU.Build.0 = Release|Any CPU
		{C24AE28B-5BE0-44A7-9232-11E090AA0641}.Debug|Any CPU.ActiveCfg = Debug|Any CPU
		{C24AE28B-5BE0-44A7-9232-11E090AA0641}.Debug|Any CPU.Build.0 = Debug|Any CPU
		{C24AE28B-5BE0-44A7-9232-11E090AA0641}.Release|Any CPU.ActiveCfg = Release|Any CPU
		{C24AE28B-5BE0-44A7-9232-11E090AA0641}.Release|Any CPU.Build.0 = Release|Any CPU
		{91083992-D3B6-4CE4-8D5F-ADD6AB343D7D}.Debug|Any CPU.ActiveCfg = Debug|Any CPU
		{91083992-D3B6-4CE4-8D5F-ADD6AB343D7D}.Debug|Any CPU.Build.0 = Debug|Any CPU
		{91083992-D3B6-4CE4-8D5F-ADD6AB343D7D}.Release|Any CPU.ActiveCfg = Release|Any CPU
		{91083992-D3B6-4CE4-8D5F-ADD6AB343D7D}.Release|Any CPU.Build.0 = Release|Any CPU
	EndGlobalSection
	GlobalSection(SolutionProperties) = preSolution
		HideSolutionNode = FALSE
	EndGlobalSection
EndGlobal
