
Microsoft Visual Studio Solution File, Format Version 12.00
# Visual Studio 2013
VisualStudioVersion = 12.0.30324.0
MinimumVisualStudioVersion = 10.0.40219.1
Project("{FAE04EC0-301F-11D3-BF4B-00C04F79EFBC}") = "MarcelJoachimKloubert.Sandbox", "MarcelJoachimKloubert.Sandbox\MarcelJoachimKloubert.Sandbox.csproj", "{4F8B453D-0ED1-4946-A612-6424C377F877}"
EndProject
Project("{2150E333-8FDC-42A3-9474-1A3956D46DE8}") = "External libs", "External libs", "{313B11F4-B24E-4A1E-9909-80325BD923AD}"
EndProject
Project("{FAE04EC0-301F-11D3-BF4B-00C04F79EFBC}") = "MarcelJoachimKloubert.CLRToolbox.45", "..\..\MarcelJoachimKloubert.CLRToolbox.45\MarcelJoachimKloubert.CLRToolbox.45.csproj", "{C24AE28B-5BE0-44A7-9232-11E090AA0641}"
EndProject
Project("{FAE04EC0-301F-11D3-BF4B-00C04F79EFBC}") = "MarcelJoachimKloubert.CLRToolbox.35", "..\..\MarcelJoachimKloubert.CLRToolbox.35\MarcelJoachimKloubert.CLRToolbox.35.csproj", "{DCD0A910-1D32-43F1-BC05-EDB6C19722AE}"
EndProject
Project("{FAE04EC0-301F-11D3-BF4B-00C04F79EFBC}") = "MarcelJoachimKloubert.CLRToolbox.40", "..\..\MarcelJoachimKloubert.CLRToolbox.40\MarcelJoachimKloubert.CLRToolbox.40.csproj", "{50E0CDB2-BC51-4C46-949A-387E3534041F}"
EndProject
Project("{FAE04EC0-301F-11D3-BF4B-00C04F79EFBC}") = "MarcelJoachimKloubert.CLRToolbox.20", "..\..\MarcelJoachimKloubert.CLRToolbox.20\MarcelJoachimKloubert.CLRToolbox.20.csproj", "{231DBA7A-C365-4712-BBED-19700F464CAB}"
EndProject
Global
	GlobalSection(SolutionConfigurationPlatforms) = preSolution
		Debug|Any CPU = Debug|Any CPU
		Release|Any CPU = Release|Any CPU
	EndGlobalSection
	GlobalSection(ProjectConfigurationPlatforms) = postSolution
		{4F8B453D-0ED1-4946-A612-6424C377F877}.Debug|Any CPU.ActiveCfg = Debug|Any CPU
		{4F8B453D-0ED1-4946-A612-6424C377F877}.Debug|Any CPU.Build.0 = Debug|Any CPU
		{4F8B453D-0ED1-4946-A612-6424C377F877}.Release|Any CPU.ActiveCfg = Release|Any CPU
		{4F8B453D-0ED1-4946-A612-6424C377F877}.Release|Any CPU.Build.0 = Release|Any CPU
		{C24AE28B-5BE0-44A7-9232-11E090AA0641}.Debug|Any CPU.ActiveCfg = Debug|Any CPU
		{C24AE28B-5BE0-44A7-9232-11E090AA0641}.Debug|Any CPU.Build.0 = Debug|Any CPU
		{C24AE28B-5BE0-44A7-9232-11E090AA0641}.Release|Any CPU.ActiveCfg = Release|Any CPU
		{C24AE28B-5BE0-44A7-9232-11E090AA0641}.Release|Any CPU.Build.0 = Release|Any CPU
		{DCD0A910-1D32-43F1-BC05-EDB6C19722AE}.Debug|Any CPU.ActiveCfg = Debug|Any CPU
		{DCD0A910-1D32-43F1-BC05-EDB6C19722AE}.Debug|Any CPU.Build.0 = Debug|Any CPU
		{DCD0A910-1D32-43F1-BC05-EDB6C19722AE}.Release|Any CPU.ActiveCfg = Release|Any CPU
		{DCD0A910-1D32-43F1-BC05-EDB6C19722AE}.Release|Any CPU.Build.0 = Release|Any CPU
		{50E0CDB2-BC51-4C46-949A-387E3534041F}.Debug|Any CPU.ActiveCfg = Debug|Any CPU
		{50E0CDB2-BC51-4C46-949A-387E3534041F}.Debug|Any CPU.Build.0 = Debug|Any CPU
		{50E0CDB2-BC51-4C46-949A-387E3534041F}.Release|Any CPU.ActiveCfg = Release|Any CPU
		{50E0CDB2-BC51-4C46-949A-387E3534041F}.Release|Any CPU.Build.0 = Release|Any CPU
		{231DBA7A-C365-4712-BBED-19700F464CAB}.Debug|Any CPU.ActiveCfg = Debug|Any CPU
		{231DBA7A-C365-4712-BBED-19700F464CAB}.Debug|Any CPU.Build.0 = Debug|Any CPU
		{231DBA7A-C365-4712-BBED-19700F464CAB}.Release|Any CPU.ActiveCfg = Release|Any CPU
		{231DBA7A-C365-4712-BBED-19700F464CAB}.Release|Any CPU.Build.0 = Release|Any CPU
	EndGlobalSection
	GlobalSection(SolutionProperties) = preSolution
		HideSolutionNode = FALSE
	EndGlobalSection
	GlobalSection(NestedProjects) = preSolution
		{C24AE28B-5BE0-44A7-9232-11E090AA0641} = {313B11F4-B24E-4A1E-9909-80325BD923AD}
		{DCD0A910-1D32-43F1-BC05-EDB6C19722AE} = {313B11F4-B24E-4A1E-9909-80325BD923AD}
		{50E0CDB2-BC51-4C46-949A-387E3534041F} = {313B11F4-B24E-4A1E-9909-80325BD923AD}
		{231DBA7A-C365-4712-BBED-19700F464CAB} = {313B11F4-B24E-4A1E-9909-80325BD923AD}
	EndGlobalSection
EndGlobal
