
Microsoft Visual Studio Solution File, Format Version 12.00
# Visual Studio 2013
VisualStudioVersion = 12.0.30324.0
MinimumVisualStudioVersion = 10.0.40219.1
Project("{FAE04EC0-301F-11D3-BF4B-00C04F79EFBC}") = "MarcelJoachimKloubert.ClrDocToMediaWiki", "MarcelJoachimKloubert.ClrDocToMediaWiki\MarcelJoachimKloubert.ClrDocToMediaWiki.csproj", "{7251BEA4-9133-4EFA-99F0-7A41B0D16916}"
EndProject
Project("{2150E333-8FDC-42A3-9474-1A3956D46DE8}") = "External libs", "External libs", "{E2CF9CD2-2E54-4265-B84B-A4785DB3F931}"
EndProject
Project("{FAE04EC0-301F-11D3-BF4B-00C04F79EFBC}") = "MarcelJoachimKloubert.CLRToolbox.40", "..\..\MarcelJoachimKloubert.CLRToolbox.40\MarcelJoachimKloubert.CLRToolbox.40.csproj", "{50E0CDB2-BC51-4C46-949A-387E3534041F}"
EndProject
Project("{FAE04EC0-301F-11D3-BF4B-00C04F79EFBC}") = "MarcelJoachimKloubert.CLRToolbox.40.Web", "..\..\MarcelJoachimKloubert.CLRToolbox.40.Web\MarcelJoachimKloubert.CLRToolbox.40.Web.csproj", "{DC3CA98C-2B04-4603-AC85-7EA34ECD393B}"
EndProject
Global
	GlobalSection(SolutionConfigurationPlatforms) = preSolution
		Debug|Any CPU = Debug|Any CPU
		Release|Any CPU = Release|Any CPU
	EndGlobalSection
	GlobalSection(ProjectConfigurationPlatforms) = postSolution
		{7251BEA4-9133-4EFA-99F0-7A41B0D16916}.Debug|Any CPU.ActiveCfg = Debug|Any CPU
		{7251BEA4-9133-4EFA-99F0-7A41B0D16916}.Debug|Any CPU.Build.0 = Debug|Any CPU
		{7251BEA4-9133-4EFA-99F0-7A41B0D16916}.Release|Any CPU.ActiveCfg = Release|Any CPU
		{7251BEA4-9133-4EFA-99F0-7A41B0D16916}.Release|Any CPU.Build.0 = Release|Any CPU
		{50E0CDB2-BC51-4C46-949A-387E3534041F}.Debug|Any CPU.ActiveCfg = Debug|Any CPU
		{50E0CDB2-BC51-4C46-949A-387E3534041F}.Debug|Any CPU.Build.0 = Debug|Any CPU
		{50E0CDB2-BC51-4C46-949A-387E3534041F}.Release|Any CPU.ActiveCfg = Release|Any CPU
		{50E0CDB2-BC51-4C46-949A-387E3534041F}.Release|Any CPU.Build.0 = Release|Any CPU
		{DC3CA98C-2B04-4603-AC85-7EA34ECD393B}.Debug|Any CPU.ActiveCfg = Debug|Any CPU
		{DC3CA98C-2B04-4603-AC85-7EA34ECD393B}.Debug|Any CPU.Build.0 = Debug|Any CPU
		{DC3CA98C-2B04-4603-AC85-7EA34ECD393B}.Release|Any CPU.ActiveCfg = Release|Any CPU
		{DC3CA98C-2B04-4603-AC85-7EA34ECD393B}.Release|Any CPU.Build.0 = Release|Any CPU
	EndGlobalSection
	GlobalSection(SolutionProperties) = preSolution
		HideSolutionNode = FALSE
	EndGlobalSection
	GlobalSection(NestedProjects) = preSolution
		{50E0CDB2-BC51-4C46-949A-387E3534041F} = {E2CF9CD2-2E54-4265-B84B-A4785DB3F931}
		{DC3CA98C-2B04-4603-AC85-7EA34ECD393B} = {E2CF9CD2-2E54-4265-B84B-A4785DB3F931}
	EndGlobalSection
EndGlobal
