
Microsoft Visual Studio Solution File, Format Version 12.00
# Visual Studio 2013
VisualStudioVersion = 12.0.30324.0
MinimumVisualStudioVersion = 10.0.40219.1
Project("{FAE04EC0-301F-11D3-BF4B-00C04F79EFBC}") = "MarcelJoachimKloubert.FileCompare", "MarcelJoachimKloubert.FileCompare\MarcelJoachimKloubert.FileCompare.csproj", "{B00BB8E7-92C0-4610-BE32-69D4AD3C4C72}"
EndProject
Project("{FAE04EC0-301F-11D3-BF4B-00C04F79EFBC}") = "MarcelJoachimKloubert.CLRToolbox.45", "..\..\MarcelJoachimKloubert.CLRToolbox.45\MarcelJoachimKloubert.CLRToolbox.45.csproj", "{C24AE28B-5BE0-44A7-9232-11E090AA0641}"
EndProject
Global
	GlobalSection(SolutionConfigurationPlatforms) = preSolution
		Debug|Any CPU = Debug|Any CPU
		Release|Any CPU = Release|Any CPU
	EndGlobalSection
	GlobalSection(ProjectConfigurationPlatforms) = postSolution
		{B00BB8E7-92C0-4610-BE32-69D4AD3C4C72}.Debug|Any CPU.ActiveCfg = Debug|Any CPU
		{B00BB8E7-92C0-4610-BE32-69D4AD3C4C72}.Debug|Any CPU.Build.0 = Debug|Any CPU
		{B00BB8E7-92C0-4610-BE32-69D4AD3C4C72}.Release|Any CPU.ActiveCfg = Release|Any CPU
		{B00BB8E7-92C0-4610-BE32-69D4AD3C4C72}.Release|Any CPU.Build.0 = Release|Any CPU
		{C24AE28B-5BE0-44A7-9232-11E090AA0641}.Debug|Any CPU.ActiveCfg = Debug|Any CPU
		{C24AE28B-5BE0-44A7-9232-11E090AA0641}.Debug|Any CPU.Build.0 = Debug|Any CPU
		{C24AE28B-5BE0-44A7-9232-11E090AA0641}.Release|Any CPU.ActiveCfg = Release|Any CPU
		{C24AE28B-5BE0-44A7-9232-11E090AA0641}.Release|Any CPU.Build.0 = Release|Any CPU
	EndGlobalSection
	GlobalSection(SolutionProperties) = preSolution
		HideSolutionNode = FALSE
	EndGlobalSection
EndGlobal
